<?xml version="1.0" encoding="utf-8"?>
<Project ToolsVersion="4.0" xmlns="http://schemas.microsoft.com/developer/msbuild/2003">
  <ItemGroup>
    <Filter Include="Core">
      <UniqueIdentifier>{93995380-89BD-4b04-88EB-625FBE52EBFB}</UniqueIdentifier>
      <Extensions>h;hh;hpp;hxx;hm;inl;inc;ipp;xsd</Extensions>
    </Filter>
    <Filter Include="Main">
      <UniqueIdentifier>{d824b335-cb77-4743-b092-330dbd2a3180}</UniqueIdentifier>
    </Filter>
    <Filter Include="Core\Device">
      <UniqueIdentifier>{1075d60f-cbc0-4adc-8a42-769f6929cc77}</UniqueIdentifier>
    </Filter>
    <Filter Include="Core\Hooks">
      <UniqueIdentifier>{e2b555f5-e8d6-4c6e-9e2c-98ef530c5c66}</UniqueIdentifier>
    </Filter>
    <Filter Include="Effects">
      <UniqueIdentifier>{c1c74077-ae3e-4e49-b757-e845451aef70}</UniqueIdentifier>
    </Filter>
    <Filter Include="Base">
      <UniqueIdentifier>{97f0e5a0-c848-4e31-944c-827f8046955c}</UniqueIdentifier>
    </Filter>
    <Filter Include="lib">
      <UniqueIdentifier>{5f692edc-3152-4c6e-ba6d-50ad460a6ab0}</UniqueIdentifier>
    </Filter>
    <Filter Include="lib\Bink">
      <UniqueIdentifier>{23694beb-87a5-4fdd-8b70-4ca3604be78d}</UniqueIdentifier>
    </Filter>
    <Filter Include="lib\Detour">
      <UniqueIdentifier>{daa2307d-fc16-462a-ae25-c51daa405054}</UniqueIdentifier>
    </Filter>
    <Filter Include="lib\NVidia">
      <UniqueIdentifier>{62394996-52ca-4462-b0a4-f55b8d12e7ad}</UniqueIdentifier>
    </Filter>
    <Filter Include="NewVegas">
      <UniqueIdentifier>{9960cd04-9b60-46d6-8d06-669763f5622a}</UniqueIdentifier>
    </Filter>
    <Filter Include="NewVegas\Hooks">
      <UniqueIdentifier>{418ee47b-d90b-4cd4-9657-884806ab9df2}</UniqueIdentifier>
    </Filter>
  </ItemGroup>
  <ItemGroup>
    <ClInclude Include="resource.h">
      <Filter>Main</Filter>
    </ClInclude>
    <ClInclude Include="..\Core\Device\Device.h">
      <Filter>Core\Device</Filter>
    </ClInclude>
    <ClInclude Include="..\Core\Device\Hook.h">
      <Filter>Core\Device</Filter>
    </ClInclude>
    <ClInclude Include="..\Effects\AmbientOcclusion.h">
      <Filter>Effects</Filter>
    </ClInclude>
    <ClInclude Include="..\Effects\Animator.h">
      <Filter>Effects</Filter>
    </ClInclude>
    <ClInclude Include="..\Effects\AvgLuma.h">
      <Filter>Effects</Filter>
    </ClInclude>
    <ClInclude Include="..\Effects\BloodLens.h">
      <Filter>Effects</Filter>
    </ClInclude>
    <ClInclude Include="..\Effects\BloomLegacy.h">
      <Filter>Effects</Filter>
    </ClInclude>
    <ClInclude Include="..\Effects\Cinema.h">
      <Filter>Effects</Filter>
    </ClInclude>
    <ClInclude Include="..\Effects\Coloring.h">
      <Filter>Effects</Filter>
    </ClInclude>
    <ClInclude Include="..\Effects\CombineDepth.h">
      <Filter>Effects</Filter>
    </ClInclude>
    <ClInclude Include="..\Effects\Debug.h">
      <Filter>Effects</Filter>
    </ClInclude>
    <ClInclude Include="..\Effects\DepthOfField.h">
      <Filter>Effects</Filter>
    </ClInclude>
    <ClInclude Include="..\Effects\Effects.h">
      <Filter>Effects</Filter>
    </ClInclude>
    <ClInclude Include="..\Effects\Exposure.h">
      <Filter>Effects</Filter>
    </ClInclude>
    <ClInclude Include="..\Effects\ExtraShaders.h">
      <Filter>Effects</Filter>
    </ClInclude>
    <ClInclude Include="..\Effects\GodRays.h">
      <Filter>Effects</Filter>
    </ClInclude>
    <ClInclude Include="..\Effects\Grass.h">
      <Filter>Effects</Filter>
    </ClInclude>
    <ClInclude Include="..\Effects\ImageAdjust.h">
      <Filter>Effects</Filter>
    </ClInclude>
    <ClInclude Include="..\Effects\Lens.h">
      <Filter>Effects</Filter>
    </ClInclude>
    <ClInclude Include="..\Effects\LowHF.h">
      <Filter>Effects</Filter>
    </ClInclude>
    <ClInclude Include="..\Effects\MotionBlur.h">
      <Filter>Effects</Filter>
    </ClInclude>
    <ClInclude Include="..\Effects\Normals.h">
      <Filter>Effects</Filter>
    </ClInclude>
    <ClInclude Include="..\Effects\PointShadows.h">
      <Filter>Effects</Filter>
    </ClInclude>
    <ClInclude Include="..\Effects\PointShadows2.h">
      <Filter>Effects</Filter>
    </ClInclude>
    <ClInclude Include="..\Effects\POM.h">
      <Filter>Effects</Filter>
    </ClInclude>
    <ClInclude Include="..\Effects\Rain.h">
      <Filter>Effects</Filter>
    </ClInclude>
    <ClInclude Include="..\Effects\ShadowsInteriors.h">
      <Filter>Effects</Filter>
    </ClInclude>
    <ClInclude Include="..\Effects\ShadowsExterior.h">
      <Filter>Effects</Filter>
    </ClInclude>
    <ClInclude Include="..\Effects\Sharpening.h">
      <Filter>Effects</Filter>
    </ClInclude>
    <ClInclude Include="..\Effects\Skin.h">
      <Filter>Effects</Filter>
    </ClInclude>
    <ClInclude Include="..\Effects\Sky.h">
      <Filter>Effects</Filter>
    </ClInclude>
    <ClInclude Include="..\Effects\Snow.h">
      <Filter>Effects</Filter>
    </ClInclude>
    <ClInclude Include="..\Effects\SnowAccumulation.h">
      <Filter>Effects</Filter>
    </ClInclude>
    <ClInclude Include="..\Effects\Specular.h">
      <Filter>Effects</Filter>
    </ClInclude>
    <ClInclude Include="..\Effects\SunShadows.h">
      <Filter>Effects</Filter>
    </ClInclude>
    <ClInclude Include="..\Effects\Terrain.h">
      <Filter>Effects</Filter>
    </ClInclude>
    <ClInclude Include="..\Effects\Tonemapping.h">
      <Filter>Effects</Filter>
    </ClInclude>
    <ClInclude Include="..\Effects\Underwater.h">
      <Filter>Effects</Filter>
    </ClInclude>
    <ClInclude Include="..\Effects\VolumetricFog.h">
      <Filter>Effects</Filter>
    </ClInclude>
    <ClInclude Include="..\Effects\Water.h">
      <Filter>Effects</Filter>
    </ClInclude>
    <ClInclude Include="..\Effects\WaterLens.h">
      <Filter>Effects</Filter>
    </ClInclude>
    <ClInclude Include="..\Effects\WetWorld.h">
      <Filter>Effects</Filter>
    </ClInclude>
    <ClInclude Include="..\Base\Logger.h">
      <Filter>Base</Filter>
    </ClInclude>
    <ClInclude Include="..\Base\PluginVersion.h">
      <Filter>Base</Filter>
    </ClInclude>
    <ClInclude Include="..\Base\SafeWrite.h">
      <Filter>Base</Filter>
    </ClInclude>
    <ClInclude Include="..\Base\Types.h">
      <Filter>Base</Filter>
    </ClInclude>
    <ClInclude Include="..\Base\Utils.h">
      <Filter>Base</Filter>
    </ClInclude>
    <ClInclude Include="..\Core\Hooks\FormsCommon.h">
      <Filter>Core\Hooks</Filter>
    </ClInclude>
    <ClInclude Include="..\Core\Hooks\GameCommon.h">
      <Filter>Core\Hooks</Filter>
    </ClInclude>
    <ClInclude Include="..\lib\Bink\bink.h">
      <Filter>lib\Bink</Filter>
    </ClInclude>
    <ClInclude Include="..\lib\Bink\radbase.h">
      <Filter>lib\Bink</Filter>
    </ClInclude>
    <ClInclude Include="..\lib\Detours\detours.h">
      <Filter>lib\Detour</Filter>
    </ClInclude>
    <ClInclude Include="..\lib\Nvidia\nvapi.h">
      <Filter>lib\NVidia</Filter>
    </ClInclude>
    <ClInclude Include="..\NewVegas\Base.h">
      <Filter>NewVegas</Filter>
    </ClInclude>
    <ClInclude Include="..\NewVegas\Defines.h">
      <Filter>NewVegas</Filter>
    </ClInclude>
    <ClInclude Include="..\NewVegas\Framework.h">
      <Filter>NewVegas</Filter>
    </ClInclude>
    <ClInclude Include="..\NewVegas\Game.h">
      <Filter>NewVegas</Filter>
    </ClInclude>
    <ClInclude Include="..\NewVegas\GameHavok.h">
      <Filter>NewVegas</Filter>
    </ClInclude>
    <ClInclude Include="..\NewVegas\GameNi.h">
      <Filter>NewVegas</Filter>
    </ClInclude>
    <ClInclude Include="..\NewVegas\Managers.h">
      <Filter>NewVegas</Filter>
    </ClInclude>
    <ClInclude Include="..\NewVegas\Plugin.h">
      <Filter>NewVegas</Filter>
    </ClInclude>
    <ClInclude Include="..\NewVegas\class_vtbls.h">
      <Filter>NewVegas</Filter>
    </ClInclude>
    <ClInclude Include="..\NewVegas\Hooks\FlyCam.h">
      <Filter>NewVegas\Hooks</Filter>
    </ClInclude>
    <ClInclude Include="..\NewVegas\Hooks\Forms.h">
      <Filter>NewVegas\Hooks</Filter>
    </ClInclude>
    <ClInclude Include="..\NewVegas\Hooks\Game.h">
      <Filter>NewVegas\Hooks</Filter>
    </ClInclude>
    <ClInclude Include="..\NewVegas\Hooks\Hooks.h">
      <Filter>NewVegas\Hooks</Filter>
    </ClInclude>
    <ClInclude Include="..\NewVegas\Hooks\Render.h">
      <Filter>NewVegas\Hooks</Filter>
    </ClInclude>
    <ClInclude Include="..\NewVegas\Hooks\Settings.h">
      <Filter>NewVegas\Hooks</Filter>
    </ClInclude>
    <ClInclude Include="..\NewVegas\Hooks\ShaderIO.h">
      <Filter>NewVegas\Hooks</Filter>
    </ClInclude>
    <ClInclude Include="..\NewVegas\Hooks\Shadows.h">
      <Filter>NewVegas\Hooks</Filter>
    </ClInclude>
    <ClInclude Include="..\Core\BinkManager.h">
      <Filter>Core</Filter>
    </ClInclude>
    <ClInclude Include="..\Core\CameraManager.h">
      <Filter>Core</Filter>
    </ClInclude>
    <ClInclude Include="..\Core\CommandManager.h">
      <Filter>Core</Filter>
    </ClInclude>
    <ClInclude Include="..\Core\EffectRecord.h">
      <Filter>Core</Filter>
    </ClInclude>
    <ClInclude Include="..\Core\FrameRateManager.h">
      <Filter>Core</Filter>
    </ClInclude>
    <ClInclude Include="..\Core\GameEventManager.h">
      <Filter>Core</Filter>
    </ClInclude>
    <ClInclude Include="..\Core\GameMenuManager.h">
      <Filter>Core</Filter>
    </ClInclude>
    <ClInclude Include="..\Core\RenderManager.h">
      <Filter>Core</Filter>
    </ClInclude>
    <ClInclude Include="..\Core\RenderPass.h">
      <Filter>Core</Filter>
    </ClInclude>
    <ClInclude Include="..\Core\SettingManager.h">
      <Filter>Core</Filter>
    </ClInclude>
    <ClInclude Include="..\Core\ShaderCollection.h">
      <Filter>Core</Filter>
    </ClInclude>
    <ClInclude Include="..\Core\ShaderManager.h">
      <Filter>Core</Filter>
    </ClInclude>
    <ClInclude Include="..\Core\ShaderRecord.h">
      <Filter>Core</Filter>
    </ClInclude>
    <ClInclude Include="..\Core\ShadowManager.h">
      <Filter>Core</Filter>
    </ClInclude>
    <ClInclude Include="..\Core\TextureManager.h">
      <Filter>Core</Filter>
    </ClInclude>
    <ClInclude Include="..\Core\TextureRecord.h">
      <Filter>Core</Filter>
    </ClInclude>
  </ItemGroup>
  <ItemGroup>
    <ClCompile Include="Main.cpp">
      <Filter>Main</Filter>
    </ClCompile>
    <ClCompile Include="..\Core\Device\Device.cpp">
      <Filter>Core\Device</Filter>
    </ClCompile>
    <ClCompile Include="..\Core\Device\Hook.cpp">
      <Filter>Core\Device</Filter>
    </ClCompile>
    <ClCompile Include="..\Effects\AmbientOcclusion.cpp">
      <Filter>Effects</Filter>
    </ClCompile>
    <ClCompile Include="..\Effects\Animator.cpp">
      <Filter>Effects</Filter>
    </ClCompile>
    <ClCompile Include="..\Effects\AvgLuma.cpp">
      <Filter>Effects</Filter>
    </ClCompile>
    <ClCompile Include="..\Effects\BloodLens.cpp">
      <Filter>Effects</Filter>
    </ClCompile>
    <ClCompile Include="..\Effects\BloomLegacy.cpp">
      <Filter>Effects</Filter>
    </ClCompile>
    <ClCompile Include="..\Effects\Cinema.cpp">
      <Filter>Effects</Filter>
    </ClCompile>
    <ClCompile Include="..\Effects\Coloring.cpp">
      <Filter>Effects</Filter>
    </ClCompile>
    <ClCompile Include="..\Effects\CombineDepth.cpp">
      <Filter>Effects</Filter>
    </ClCompile>
    <ClCompile Include="..\Effects\Debug.cpp">
      <Filter>Effects</Filter>
    </ClCompile>
    <ClCompile Include="..\Effects\DepthOfField.cpp">
      <Filter>Effects</Filter>
    </ClCompile>
    <ClCompile Include="..\Effects\Exposure.cpp">
      <Filter>Effects</Filter>
    </ClCompile>
    <ClCompile Include="..\Effects\GodRays.cpp">
      <Filter>Effects</Filter>
    </ClCompile>
    <ClCompile Include="..\Effects\ImageAdjust.cpp">
      <Filter>Effects</Filter>
    </ClCompile>
    <ClCompile Include="..\Effects\Lens.cpp">
      <Filter>Effects</Filter>
    </ClCompile>
    <ClCompile Include="..\Effects\LowHF.cpp">
      <Filter>Effects</Filter>
    </ClCompile>
    <ClCompile Include="..\Effects\MotionBlur.cpp">
      <Filter>Effects</Filter>
    </ClCompile>
    <ClCompile Include="..\Effects\Normals.cpp">
      <Filter>Effects</Filter>
    </ClCompile>
    <ClCompile Include="..\Effects\POM.cpp">
      <Filter>Effects</Filter>
    </ClCompile>
    <ClCompile Include="..\Effects\Rain.cpp">
      <Filter>Effects</Filter>
    </ClCompile>
    <ClCompile Include="..\Effects\ShadowsExterior.cpp">
      <Filter>Effects</Filter>
    </ClCompile>
    <ClCompile Include="..\Effects\ShadowsInteriors.cpp">
      <Filter>Effects</Filter>
    </ClCompile>
    <ClCompile Include="..\Effects\Sharpening.cpp">
      <Filter>Effects</Filter>
    </ClCompile>
    <ClCompile Include="..\Effects\Skin.cpp">
      <Filter>Effects</Filter>
    </ClCompile>
    <ClCompile Include="..\Effects\Sky.cpp">
      <Filter>Effects</Filter>
    </ClCompile>
    <ClCompile Include="..\Effects\Snow.cpp">
      <Filter>Effects</Filter>
    </ClCompile>
    <ClCompile Include="..\Effects\SnowAccumulation.cpp">
      <Filter>Effects</Filter>
    </ClCompile>
    <ClCompile Include="..\Effects\Specular.cpp">
      <Filter>Effects</Filter>
    </ClCompile>
    <ClCompile Include="..\Effects\Terrain.cpp">
      <Filter>Effects</Filter>
    </ClCompile>
    <ClCompile Include="..\Effects\Tonemapping.cpp">
      <Filter>Effects</Filter>
    </ClCompile>
    <ClCompile Include="..\Effects\VolumetricFog.cpp">
      <Filter>Effects</Filter>
    </ClCompile>
    <ClCompile Include="..\Effects\Water.cpp">
      <Filter>Effects</Filter>
    </ClCompile>
    <ClCompile Include="..\Effects\WaterLens.cpp">
      <Filter>Effects</Filter>
    </ClCompile>
    <ClCompile Include="..\Effects\WetWorld.cpp">
      <Filter>Effects</Filter>
    </ClCompile>
    <ClCompile Include="..\Base\Logger.cpp">
      <Filter>Base</Filter>
    </ClCompile>
    <ClCompile Include="..\Base\PluginVersion.cpp">
      <Filter>Base</Filter>
    </ClCompile>
    <ClCompile Include="..\Base\SafeWrite.cpp">
      <Filter>Base</Filter>
    </ClCompile>
    <ClCompile Include="..\Base\Utils.cpp">
      <Filter>Base</Filter>
    </ClCompile>
    <ClCompile Include="..\Core\Hooks\FormsCommon.cpp">
      <Filter>Core\Hooks</Filter>
    </ClCompile>
    <ClCompile Include="..\Core\Hooks\GameCommon.cpp">
      <Filter>Core\Hooks</Filter>
    </ClCompile>
    <ClCompile Include="..\lib\Detours\detours.cpp">
      <Filter>lib\Detour</Filter>
    </ClCompile>
    <ClCompile Include="..\lib\Detours\disasm.cpp">
      <Filter>lib\Detour</Filter>
    </ClCompile>
    <ClCompile Include="..\lib\Detours\modules.cpp">
      <Filter>lib\Detour</Filter>
    </ClCompile>
    <ClCompile Include="..\NewVegas\GameNi.cpp">
      <Filter>NewVegas</Filter>
    </ClCompile>
    <ClCompile Include="..\NewVegas\Managers.cpp">
      <Filter>NewVegas</Filter>
    </ClCompile>
    <ClCompile Include="..\NewVegas\Hooks\FlyCam.cpp">
      <Filter>NewVegas\Hooks</Filter>
    </ClCompile>
    <ClCompile Include="..\NewVegas\Hooks\Forms.cpp">
      <Filter>NewVegas\Hooks</Filter>
    </ClCompile>
    <ClCompile Include="..\NewVegas\Hooks\Game.cpp">
      <Filter>NewVegas\Hooks</Filter>
    </ClCompile>
    <ClCompile Include="..\NewVegas\Hooks\Hooks.cpp">
      <Filter>NewVegas\Hooks</Filter>
    </ClCompile>
    <ClCompile Include="..\NewVegas\Hooks\Render.cpp">
      <Filter>NewVegas\Hooks</Filter>
    </ClCompile>
    <ClCompile Include="..\NewVegas\Hooks\Settings.cpp">
      <Filter>NewVegas\Hooks</Filter>
    </ClCompile>
    <ClCompile Include="..\NewVegas\Hooks\ShaderIO.cpp">
      <Filter>NewVegas\Hooks</Filter>
    </ClCompile>
    <ClCompile Include="..\NewVegas\Hooks\Shadows.cpp">
      <Filter>NewVegas\Hooks</Filter>
    </ClCompile>
    <ClCompile Include="..\Core\BinkManager.cpp">
      <Filter>Core</Filter>
    </ClCompile>
    <ClCompile Include="..\Core\CameraManager.cpp">
      <Filter>Core</Filter>
    </ClCompile>
    <ClCompile Include="..\Core\CommandManager.cpp">
      <Filter>Core</Filter>
    </ClCompile>
    <ClCompile Include="..\Core\EffectRecord.cpp">
      <Filter>Core</Filter>
    </ClCompile>
    <ClCompile Include="..\Core\FrameRateManager.cpp">
      <Filter>Core</Filter>
    </ClCompile>
    <ClCompile Include="..\Core\GameEventManager.cpp">
      <Filter>Core</Filter>
    </ClCompile>
    <ClCompile Include="..\Core\GameMenuManager.cpp">
      <Filter>Core</Filter>
    </ClCompile>
    <ClCompile Include="..\Core\RenderManager.cpp">
      <Filter>Core</Filter>
    </ClCompile>
    <ClCompile Include="..\Core\RenderPass.cpp">
      <Filter>Core</Filter>
    </ClCompile>
    <ClCompile Include="..\Core\SettingManager.cpp">
      <Filter>Core</Filter>
    </ClCompile>
    <ClCompile Include="..\Core\ShaderCollection.cpp">
      <Filter>Core</Filter>
    </ClCompile>
    <ClCompile Include="..\Core\ShaderManager.cpp">
      <Filter>Core</Filter>
    </ClCompile>
    <ClCompile Include="..\Core\ShaderRecord.cpp">
      <Filter>Core</Filter>
    </ClCompile>
    <ClCompile Include="..\Core\ShadowManager.cpp">
      <Filter>Core</Filter>
    </ClCompile>
    <ClCompile Include="..\Core\TextureManager.cpp">
      <Filter>Core</Filter>
    </ClCompile>
    <ClCompile Include="..\Core\TextureRecord.cpp">
      <Filter>Core</Filter>
    </ClCompile>
    <ClCompile Include="..\Effects\Grass.cpp">
      <Filter>Effects</Filter>
    </ClCompile>
    <ClCompile Include="..\Effects\Underwater.cpp">
      <Filter>Effects</Filter>
    </ClCompile>
  </ItemGroup>
  <ItemGroup>
    <None Include="Exports.def">
      <Filter>Main</Filter>
    </None>
    <None Include="packages.config" />
  </ItemGroup>
  <ItemGroup>
    <ResourceCompile Include="NewVegasReloaded.rc">
      <Filter>Main</Filter>
    </ResourceCompile>
  </ItemGroup>
</Project>