<?xml version="1.0" encoding="utf-8"?>
<Project ToolsVersion="4.0" xmlns="http://schemas.microsoft.com/developer/msbuild/2003">
  <ItemGroup>
    <Filter Include="Core">
      <UniqueIdentifier>{93995380-89BD-4b04-88EB-625FBE52EBFB}</UniqueIdentifier>
      <Extensions>h;hh;hpp;hxx;hm;inl;inc;ipp;xsd</Extensions>
    </Filter>
    <Filter Include="Main">
      <UniqueIdentifier>{d824b335-cb77-4743-b092-330dbd2a3180}</UniqueIdentifier>
    </Filter>
    <Filter Include="Core\Device">
      <UniqueIdentifier>{1075d60f-cbc0-4adc-8a42-769f6929cc77}</UniqueIdentifier>
    </Filter>
    <Filter Include="Core\Hooks">
      <UniqueIdentifier>{e2b555f5-e8d6-4c6e-9e2c-98ef530c5c66}</UniqueIdentifier>
    </Filter>
    <Filter Include="Effects">
      <UniqueIdentifier>{c1c74077-ae3e-4e49-b757-e845451aef70}</UniqueIdentifier>
    </Filter>
    <Filter Include="Base">
      <UniqueIdentifier>{97f0e5a0-c848-4e31-944c-827f8046955c}</UniqueIdentifier>
    </Filter>
    <Filter Include="lib">
      <UniqueIdentifier>{5f692edc-3152-4c6e-ba6d-50ad460a6ab0}</UniqueIdentifier>
    </Filter>
    <Filter Include="lib\Bink">
      <UniqueIdentifier>{23694beb-87a5-4fdd-8b70-4ca3604be78d}</UniqueIdentifier>
    </Filter>
    <Filter Include="lib\Detour">
      <UniqueIdentifier>{daa2307d-fc16-462a-ae25-c51daa405054}</UniqueIdentifier>
    </Filter>
    <Filter Include="lib\NVidia">
      <UniqueIdentifier>{62394996-52ca-4462-b0a4-f55b8d12e7ad}</UniqueIdentifier>
    </Filter>
    <Filter Include="NewVegas">
      <UniqueIdentifier>{9960cd04-9b60-46d6-8d06-669763f5622a}</UniqueIdentifier>
    </Filter>
    <Filter Include="NewVegas\Hooks">
      <UniqueIdentifier>{418ee47b-d90b-4cd4-9657-884806ab9df2}</UniqueIdentifier>
    </Filter>
    <Filter Include="NewVegas\nvse">
      <UniqueIdentifier>{3aba0770-a14b-4c4a-96eb-8afda7d52f08}</UniqueIdentifier>
    </Filter>
  </ItemGroup>
  <ItemGroup>
    <ClInclude Include="resource.h">
      <Filter>Main</Filter>
    </ClInclude>
    <ClInclude Include="..\src\core\Device\Device.h">
      <Filter>Core\Device</Filter>
    </ClInclude>
    <ClInclude Include="..\src\core\Device\Hook.h">
      <Filter>Core\Device</Filter>
    </ClInclude>
    <ClInclude Include="..\src\effects\AmbientOcclusion.h">
      <Filter>Effects</Filter>
    </ClInclude>
    <ClInclude Include="..\src\effects\Animator.h">
      <Filter>Effects</Filter>
    </ClInclude>
    <ClInclude Include="..\src\effects\AvgLuma.h">
      <Filter>Effects</Filter>
    </ClInclude>
    <ClInclude Include="..\src\effects\BloodLens.h">
      <Filter>Effects</Filter>
    </ClInclude>
    <ClInclude Include="..\src\effects\BloomLegacy.h">
      <Filter>Effects</Filter>
    </ClInclude>
    <ClInclude Include="..\src\effects\Cinema.h">
      <Filter>Effects</Filter>
    </ClInclude>
    <ClInclude Include="..\src\effects\Coloring.h">
      <Filter>Effects</Filter>
    </ClInclude>
    <ClInclude Include="..\src\effects\CombineDepth.h">
      <Filter>Effects</Filter>
    </ClInclude>
    <ClInclude Include="..\src\effects\Debug.h">
      <Filter>Effects</Filter>
    </ClInclude>
    <ClInclude Include="..\src\effects\DepthOfField.h">
      <Filter>Effects</Filter>
    </ClInclude>
    <ClInclude Include="..\src\effects\Effects.h">
      <Filter>Effects</Filter>
    </ClInclude>
    <ClInclude Include="..\src\effects\Exposure.h">
      <Filter>Effects</Filter>
    </ClInclude>
    <ClInclude Include="..\src\effects\ExtraShaders.h">
      <Filter>Effects</Filter>
    </ClInclude>
    <ClInclude Include="..\src\effects\GodRays.h">
      <Filter>Effects</Filter>
    </ClInclude>
    <ClInclude Include="..\src\effects\Grass.h">
      <Filter>Effects</Filter>
    </ClInclude>
    <ClInclude Include="..\src\effects\ImageAdjust.h">
      <Filter>Effects</Filter>
    </ClInclude>
    <ClInclude Include="..\src\effects\Lens.h">
      <Filter>Effects</Filter>
    </ClInclude>
    <ClInclude Include="..\src\effects\LowHF.h">
      <Filter>Effects</Filter>
    </ClInclude>
    <ClInclude Include="..\src\effects\MotionBlur.h">
      <Filter>Effects</Filter>
    </ClInclude>
    <ClInclude Include="..\src\effects\Normals.h">
      <Filter>Effects</Filter>
    </ClInclude>
    <ClInclude Include="..\src\effects\PointShadows.h">
      <Filter>Effects</Filter>
    </ClInclude>
    <ClInclude Include="..\src\effects\PointShadows2.h">
      <Filter>Effects</Filter>
    </ClInclude>
    <ClInclude Include="..\src\effects\POM.h">
      <Filter>Effects</Filter>
    </ClInclude>
    <ClInclude Include="..\src\effects\Rain.h">
      <Filter>Effects</Filter>
    </ClInclude>
    <ClInclude Include="..\src\effects\ShadowsInteriors.h">
      <Filter>Effects</Filter>
    </ClInclude>
    <ClInclude Include="..\src\effects\ShadowsExterior.h">
      <Filter>Effects</Filter>
    </ClInclude>
    <ClInclude Include="..\src\effects\Sharpening.h">
      <Filter>Effects</Filter>
    </ClInclude>
    <ClInclude Include="..\src\effects\Skin.h">
      <Filter>Effects</Filter>
    </ClInclude>
    <ClInclude Include="..\src\effects\Sky.h">
      <Filter>Effects</Filter>
    </ClInclude>
    <ClInclude Include="..\src\effects\Snow.h">
      <Filter>Effects</Filter>
    </ClInclude>
    <ClInclude Include="..\src\effects\SnowAccumulation.h">
      <Filter>Effects</Filter>
    </ClInclude>
    <ClInclude Include="..\src\effects\Specular.h">
      <Filter>Effects</Filter>
    </ClInclude>
    <ClInclude Include="..\src\effects\SunShadows.h">
      <Filter>Effects</Filter>
    </ClInclude>
    <ClInclude Include="..\src\effects\Terrain.h">
      <Filter>Effects</Filter>
    </ClInclude>
    <ClInclude Include="..\src\effects\Tonemapping.h">
      <Filter>Effects</Filter>
    </ClInclude>
    <ClInclude Include="..\src\effects\Underwater.h">
      <Filter>Effects</Filter>
    </ClInclude>
    <ClInclude Include="..\src\effects\VolumetricFog.h">
      <Filter>Effects</Filter>
    </ClInclude>
    <ClInclude Include="..\src\effects\Water.h">
      <Filter>Effects</Filter>
    </ClInclude>
    <ClInclude Include="..\src\effects\WaterLens.h">
      <Filter>Effects</Filter>
    </ClInclude>
    <ClInclude Include="..\src\effects\WetWorld.h">
      <Filter>Effects</Filter>
    </ClInclude>
    <ClInclude Include="..\src\base\Logger.h">
      <Filter>Base</Filter>
    </ClInclude>
    <ClInclude Include="..\src\base\PluginVersion.h">
      <Filter>Base</Filter>
    </ClInclude>
    <ClInclude Include="..\src\base\SafeWrite.h">
      <Filter>Base</Filter>
    </ClInclude>
    <ClInclude Include="..\src\base\Types.h">
      <Filter>Base</Filter>
    </ClInclude>
    <ClInclude Include="..\src\base\Utils.h">
      <Filter>Base</Filter>
    </ClInclude>
    <ClInclude Include="..\src\core\Hooks\FormsCommon.h">
      <Filter>Core\Hooks</Filter>
    </ClInclude>
    <ClInclude Include="..\src\core\Hooks\GameCommon.h">
      <Filter>Core\Hooks</Filter>
    </ClInclude>
    <ClInclude Include="..\lib\Bink\bink.h">
      <Filter>lib\Bink</Filter>
    </ClInclude>
    <ClInclude Include="..\lib\Bink\radbase.h">
      <Filter>lib\Bink</Filter>
    </ClInclude>
    <ClInclude Include="..\lib\Detours\detours.h">
      <Filter>lib\Detour</Filter>
    </ClInclude>
    <ClInclude Include="..\lib\Nvidia\nvapi.h">
      <Filter>lib\NVidia</Filter>
    </ClInclude>
    <ClInclude Include="..\src\NewVegas\Base.h">
      <Filter>NewVegas</Filter>
    </ClInclude>
    <ClInclude Include="..\src\NewVegas\Defines.h">
      <Filter>NewVegas</Filter>
    </ClInclude>
    <ClInclude Include="..\src\NewVegas\Framework.h">
      <Filter>NewVegas</Filter>
    </ClInclude>
    <ClInclude Include="..\src\NewVegas\Managers.h">
      <Filter>NewVegas</Filter>
    </ClInclude>
    <ClInclude Include="..\src\NewVegas\Plugin.h">
      <Filter>NewVegas</Filter>
    </ClInclude>
    <ClInclude Include="..\src\NewVegas\Hooks\FlyCam.h">
      <Filter>NewVegas\Hooks</Filter>
    </ClInclude>
    <ClInclude Include="..\src\NewVegas\Hooks\Game.h">
      <Filter>NewVegas\Hooks</Filter>
    </ClInclude>
    <ClInclude Include="..\src\NewVegas\Hooks\Hooks.h">
      <Filter>NewVegas\Hooks</Filter>
    </ClInclude>
    <ClInclude Include="..\src\NewVegas\Hooks\Render.h">
      <Filter>NewVegas\Hooks</Filter>
    </ClInclude>
    <ClInclude Include="..\src\NewVegas\Hooks\Settings.h">
      <Filter>NewVegas\Hooks</Filter>
    </ClInclude>
    <ClInclude Include="..\src\NewVegas\Hooks\ShaderIO.h">
      <Filter>NewVegas\Hooks</Filter>
    </ClInclude>
    <ClInclude Include="..\src\NewVegas\Hooks\Shadows.h">
      <Filter>NewVegas\Hooks</Filter>
    </ClInclude>
    <ClInclude Include="..\src\core\BinkManager.h">
      <Filter>Core</Filter>
    </ClInclude>
    <ClInclude Include="..\src\core\CameraManager.h">
      <Filter>Core</Filter>
    </ClInclude>
    <ClInclude Include="..\src\core\CommandManager.h">
      <Filter>Core</Filter>
    </ClInclude>
    <ClInclude Include="..\src\core\EffectRecord.h">
      <Filter>Core</Filter>
    </ClInclude>
    <ClInclude Include="..\src\core\FrameRateManager.h">
      <Filter>Core</Filter>
    </ClInclude>
    <ClInclude Include="..\src\core\GameEventManager.h">
      <Filter>Core</Filter>
    </ClInclude>
    <ClInclude Include="..\src\core\GameMenuManager.h">
      <Filter>Core</Filter>
    </ClInclude>
    <ClInclude Include="..\src\core\RenderManager.h">
      <Filter>Core</Filter>
    </ClInclude>
    <ClInclude Include="..\src\core\RenderPass.h">
      <Filter>Core</Filter>
    </ClInclude>
    <ClInclude Include="..\src\core\SettingManager.h">
      <Filter>Core</Filter>
    </ClInclude>
    <ClInclude Include="..\src\core\ShaderCollection.h">
      <Filter>Core</Filter>
    </ClInclude>
    <ClInclude Include="..\src\core\ShaderManager.h">
      <Filter>Core</Filter>
    </ClInclude>
    <ClInclude Include="..\src\core\ShaderRecord.h">
      <Filter>Core</Filter>
    </ClInclude>
    <ClInclude Include="..\src\core\ShadowManager.h">
      <Filter>Core</Filter>
    </ClInclude>
    <ClInclude Include="..\src\core\TextureManager.h">
      <Filter>Core</Filter>
    </ClInclude>
    <ClInclude Include="..\src\core\TextureRecord.h">
      <Filter>Core</Filter>
    </ClInclude>
    <ClInclude Include="..\src\NewVegas\nvse\class_vtbls.h">
      <Filter>NewVegas\nvse</Filter>
    </ClInclude>
    <ClInclude Include="..\src\NewVegas\nvse\Game.h">
      <Filter>NewVegas\nvse</Filter>
    </ClInclude>
    <ClInclude Include="..\src\NewVegas\nvse\GameHavok.h">
      <Filter>NewVegas\nvse</Filter>
    </ClInclude>
    <ClInclude Include="..\src\NewVegas\nvse\GameNi.h">
      <Filter>NewVegas\nvse</Filter>
    </ClInclude>
    <ClInclude Include="..\src\effects\Bloom.h">
      <Filter>Effects</Filter>
    </ClInclude>
    <ClInclude Include="..\src\effects\Flashlight.h">
      <Filter>Effects</Filter>
    </ClInclude>
  </ItemGroup>
  <ItemGroup>
    <ClCompile Include="Main.cpp">
      <Filter>Main</Filter>
    </ClCompile>
    <ClCompile Include="..\src\core\Device\Device.cpp">
      <Filter>Core\Device</Filter>
    </ClCompile>
    <ClCompile Include="..\src\core\Device\Hook.cpp">
      <Filter>Core\Device</Filter>
    </ClCompile>
    <ClCompile Include="..\src\effects\AmbientOcclusion.cpp">
      <Filter>Effects</Filter>
    </ClCompile>
    <ClCompile Include="..\src\effects\Animator.cpp">
      <Filter>Effects</Filter>
    </ClCompile>
    <ClCompile Include="..\src\effects\AvgLuma.cpp">
      <Filter>Effects</Filter>
    </ClCompile>
    <ClCompile Include="..\src\effects\BloodLens.cpp">
      <Filter>Effects</Filter>
    </ClCompile>
    <ClCompile Include="..\src\effects\BloomLegacy.cpp">
      <Filter>Effects</Filter>
    </ClCompile>
    <ClCompile Include="..\src\effects\Cinema.cpp">
      <Filter>Effects</Filter>
    </ClCompile>
    <ClCompile Include="..\src\effects\Coloring.cpp">
      <Filter>Effects</Filter>
    </ClCompile>
    <ClCompile Include="..\src\effects\CombineDepth.cpp">
      <Filter>Effects</Filter>
    </ClCompile>
    <ClCompile Include="..\src\effects\Debug.cpp">
      <Filter>Effects</Filter>
    </ClCompile>
    <ClCompile Include="..\src\effects\DepthOfField.cpp">
      <Filter>Effects</Filter>
    </ClCompile>
    <ClCompile Include="..\src\effects\Exposure.cpp">
      <Filter>Effects</Filter>
    </ClCompile>
    <ClCompile Include="..\src\effects\GodRays.cpp">
      <Filter>Effects</Filter>
    </ClCompile>
    <ClCompile Include="..\src\effects\ImageAdjust.cpp">
      <Filter>Effects</Filter>
    </ClCompile>
    <ClCompile Include="..\src\effects\Lens.cpp">
      <Filter>Effects</Filter>
    </ClCompile>
    <ClCompile Include="..\src\effects\LowHF.cpp">
      <Filter>Effects</Filter>
    </ClCompile>
    <ClCompile Include="..\src\effects\MotionBlur.cpp">
      <Filter>Effects</Filter>
    </ClCompile>
    <ClCompile Include="..\src\effects\Normals.cpp">
      <Filter>Effects</Filter>
    </ClCompile>
    <ClCompile Include="..\src\effects\POM.cpp">
      <Filter>Effects</Filter>
    </ClCompile>
    <ClCompile Include="..\src\effects\Rain.cpp">
      <Filter>Effects</Filter>
    </ClCompile>
    <ClCompile Include="..\src\effects\ShadowsExterior.cpp">
      <Filter>Effects</Filter>
    </ClCompile>
    <ClCompile Include="..\src\effects\ShadowsInteriors.cpp">
      <Filter>Effects</Filter>
    </ClCompile>
    <ClCompile Include="..\src\effects\Sharpening.cpp">
      <Filter>Effects</Filter>
    </ClCompile>
    <ClCompile Include="..\src\effects\Skin.cpp">
      <Filter>Effects</Filter>
    </ClCompile>
    <ClCompile Include="..\src\effects\Sky.cpp">
      <Filter>Effects</Filter>
    </ClCompile>
    <ClCompile Include="..\src\effects\Snow.cpp">
      <Filter>Effects</Filter>
    </ClCompile>
    <ClCompile Include="..\src\effects\SnowAccumulation.cpp">
      <Filter>Effects</Filter>
    </ClCompile>
    <ClCompile Include="..\src\effects\Specular.cpp">
      <Filter>Effects</Filter>
    </ClCompile>
    <ClCompile Include="..\src\effects\Terrain.cpp">
      <Filter>Effects</Filter>
    </ClCompile>
    <ClCompile Include="..\src\effects\Tonemapping.cpp">
      <Filter>Effects</Filter>
    </ClCompile>
    <ClCompile Include="..\src\effects\VolumetricFog.cpp">
      <Filter>Effects</Filter>
    </ClCompile>
    <ClCompile Include="..\src\effects\Water.cpp">
      <Filter>Effects</Filter>
    </ClCompile>
    <ClCompile Include="..\src\effects\WaterLens.cpp">
      <Filter>Effects</Filter>
    </ClCompile>
    <ClCompile Include="..\src\effects\WetWorld.cpp">
      <Filter>Effects</Filter>
    </ClCompile>
    <ClCompile Include="..\src\base\Logger.cpp">
      <Filter>Base</Filter>
    </ClCompile>
    <ClCompile Include="..\src\base\PluginVersion.cpp">
      <Filter>Base</Filter>
    </ClCompile>
    <ClCompile Include="..\src\base\SafeWrite.cpp">
      <Filter>Base</Filter>
    </ClCompile>
    <ClCompile Include="..\src\core\Hooks\FormsCommon.cpp">
      <Filter>Core\Hooks</Filter>
    </ClCompile>
    <ClCompile Include="..\src\core\Hooks\GameCommon.cpp">
      <Filter>Core\Hooks</Filter>
    </ClCompile>
    <ClCompile Include="..\lib\Detours\detours.cpp">
      <Filter>lib\Detour</Filter>
    </ClCompile>
    <ClCompile Include="..\lib\Detours\disasm.cpp">
      <Filter>lib\Detour</Filter>
    </ClCompile>
    <ClCompile Include="..\lib\Detours\modules.cpp">
      <Filter>lib\Detour</Filter>
    </ClCompile>
    <ClCompile Include="..\src\NewVegas\Managers.cpp">
      <Filter>NewVegas</Filter>
    </ClCompile>
    <ClCompile Include="..\src\NewVegas\Hooks\FlyCam.cpp">
      <Filter>NewVegas\Hooks</Filter>
    </ClCompile>
    <ClCompile Include="..\src\NewVegas\Hooks\Game.cpp">
      <Filter>NewVegas\Hooks</Filter>
    </ClCompile>
    <ClCompile Include="..\src\NewVegas\Hooks\Hooks.cpp">
      <Filter>NewVegas\Hooks</Filter>
    </ClCompile>
    <ClCompile Include="..\src\NewVegas\Hooks\Render.cpp">
      <Filter>NewVegas\Hooks</Filter>
    </ClCompile>
    <ClCompile Include="..\src\NewVegas\Hooks\Settings.cpp">
      <Filter>NewVegas\Hooks</Filter>
    </ClCompile>
    <ClCompile Include="..\src\NewVegas\Hooks\ShaderIO.cpp">
      <Filter>NewVegas\Hooks</Filter>
    </ClCompile>
    <ClCompile Include="..\src\NewVegas\Hooks\Shadows.cpp">
      <Filter>NewVegas\Hooks</Filter>
    </ClCompile>
    <ClCompile Include="..\src\core\BinkManager.cpp">
      <Filter>Core</Filter>
    </ClCompile>
    <ClCompile Include="..\src\core\CameraManager.cpp">
      <Filter>Core</Filter>
    </ClCompile>
    <ClCompile Include="..\src\core\CommandManager.cpp">
      <Filter>Core</Filter>
    </ClCompile>
    <ClCompile Include="..\src\core\EffectRecord.cpp">
      <Filter>Core</Filter>
    </ClCompile>
    <ClCompile Include="..\src\core\FrameRateManager.cpp">
      <Filter>Core</Filter>
    </ClCompile>
    <ClCompile Include="..\src\core\GameEventManager.cpp">
      <Filter>Core</Filter>
    </ClCompile>
    <ClCompile Include="..\src\core\GameMenuManager.cpp">
      <Filter>Core</Filter>
    </ClCompile>
    <ClCompile Include="..\src\core\RenderManager.cpp">
      <Filter>Core</Filter>
    </ClCompile>
    <ClCompile Include="..\src\core\RenderPass.cpp">
      <Filter>Core</Filter>
    </ClCompile>
    <ClCompile Include="..\src\core\SettingManager.cpp">
      <Filter>Core</Filter>
    </ClCompile>
    <ClCompile Include="..\src\core\ShaderCollection.cpp">
      <Filter>Core</Filter>
    </ClCompile>
    <ClCompile Include="..\src\core\ShaderManager.cpp">
      <Filter>Core</Filter>
    </ClCompile>
    <ClCompile Include="..\src\core\ShaderRecord.cpp">
      <Filter>Core</Filter>
    </ClCompile>
    <ClCompile Include="..\src\core\ShadowManager.cpp">
      <Filter>Core</Filter>
    </ClCompile>
    <ClCompile Include="..\src\core\TextureManager.cpp">
      <Filter>Core</Filter>
    </ClCompile>
    <ClCompile Include="..\src\core\TextureRecord.cpp">
      <Filter>Core</Filter>
    </ClCompile>
    <ClCompile Include="..\src\effects\Grass.cpp">
      <Filter>Effects</Filter>
    </ClCompile>
    <ClCompile Include="..\src\effects\Underwater.cpp">
      <Filter>Effects</Filter>
    </ClCompile>
    <ClCompile Include="..\src\NewVegas\nvse\GameNi.cpp">
      <Filter>NewVegas\nvse</Filter>
    </ClCompile>
    <ClCompile Include="..\src\effects\Bloom.cpp">
      <Filter>Effects</Filter>
    </ClCompile>
    <ClCompile Include="..\src\effects\Flashlight.cpp">
      <Filter>Effects</Filter>
    </ClCompile>
  </ItemGroup>
  <ItemGroup>
    <None Include="Exports.def">
      <Filter>Main</Filter>
    </None>
    <None Include="packages.config" />
  </ItemGroup>
  <ItemGroup>
    <ResourceCompile Include="NewVegasReloaded.rc">
      <Filter>Main</Filter>
    </ResourceCompile>
  </ItemGroup>
</Project>